// !$*UTF8*$!
{
	archiveVersion = 1;
	classes = {
	};
	objectVersion = 46;
	objects = {

/* Begin PBXBuildFile section */
		9F7DEF5D1BAA808200728BEA /* AppDelegate.swift in Sources */ = {isa = PBXBuildFile; fileRef = 9F7DEF5C1BAA808200728BEA /* AppDelegate.swift */; };
		9F7DEF5F1BAA808200728BEA /* ViewController.swift in Sources */ = {isa = PBXBuildFile; fileRef = 9F7DEF5E1BAA808200728BEA /* ViewController.swift */; };
		9F7DEF621BAA808200728BEA /* Main.storyboard in Resources */ = {isa = PBXBuildFile; fileRef = 9F7DEF601BAA808200728BEA /* Main.storyboard */; };
		9F7DEF641BAA808200728BEA /* Assets.xcassets in Resources */ = {isa = PBXBuildFile; fileRef = 9F7DEF631BAA808200728BEA /* Assets.xcassets */; };
		9F7DEF671BAA808200728BEA /* LaunchScreen.storyboard in Resources */ = {isa = PBXBuildFile; fileRef = 9F7DEF651BAA808200728BEA /* LaunchScreen.storyboard */; };
/* End PBXBuildFile section */

/* Begin PBXFileReference section */
		9F194B261BAC027100FFA115 /* Calculator.playground */ = {isa = PBXFileReference; lastKnownFileType = file.playground; path = Calculator.playground; sourceTree = "<group>"; };
		9F7DEF591BAA808200728BEA /* CalculatorApp.app */ = {isa = PBXFileReference; explicitFileType = wrapper.application; includeInIndex = 0; path = CalculatorApp.app; sourceTree = BUILT_PRODUCTS_DIR; };
		9F7DEF5C1BAA808200728BEA /* AppDelegate.swift */ = {isa = PBXFileReference; lastKnownFileType = sourcecode.swift; path = AppDelegate.swift; sourceTree = "<group>"; };
		9F7DEF5E1BAA808200728BEA /* ViewController.swift */ = {isa = PBXFileReference; lastKnownFileType = sourcecode.swift; path = ViewController.swift; sourceTree = "<group>"; };
		9F7DEF611BAA808200728BEA /* Base */ = {isa = PBXFileReference; lastKnownFileType = file.storyboard; name = Base; path = Base.lproj/Main.storyboard; sourceTree = "<group>"; };
		9F7DEF631BAA808200728BEA /* Assets.xcassets */ = {isa = PBXFileReference; lastKnownFileType = folder.assetcatalog; path = Assets.xcassets; sourceTree = "<group>"; };
		9F7DEF661BAA808200728BEA /* Base */ = {isa = PBXFileReference; lastKnownFileType = file.storyboard; name = Base; path = Base.lproj/LaunchScreen.storyboard; sourceTree = "<group>"; };
		9F7DEF681BAA808200728BEA /* Info.plist */ = {isa = PBXFileReference; lastKnownFileType = text.plist.xml; path = Info.plist; sourceTree = "<group>"; };
/* End PBXFileReference section */

/* Begin PBXFrameworksBuildPhase section */
		9F7DEF561BAA808200728BEA /* Frameworks */ = {
			isa = PBXFrameworksBuildPhase;
			buildActionMask = 2147483647;
			files = (
			);
			runOnlyForDeploymentPostprocessing = 0;
		};
/* End PBXFrameworksBuildPhase section */

/* Begin PBXGroup section */
		9F7DEF501BAA808200728BEA = {
			isa = PBXGroup;
			children = (
				9F7DEF5B1BAA808200728BEA /* CalculatorApp */,
				9F7DEF5A1BAA808200728BEA /* Products */,
				9F194B261BAC027100FFA115 /* Calculator.playground */,
			);
			sourceTree = "<group>";
		};
		9F7DEF5A1BAA808200728BEA /* Products */ = {
			isa = PBXGroup;
			children = (
				9F7DEF591BAA808200728BEA /* CalculatorApp.app */,
			);
			name = Products;
			sourceTree = "<group>";
		};
		9F7DEF5B1BAA808200728BEA /* CalculatorApp */ = {
			isa = PBXGroup;
			children = (
				9F7DEF5C1BAA808200728BEA /* AppDelegate.swift */,
				9F7DEF5E1BAA808200728BEA /* ViewController.swift */,
				9F7DEF601BAA808200728BEA /* Main.storyboard */,
				9F7DEF631BAA808200728BEA /* Assets.xcassets */,
				9F7DEF651BAA808200728BEA /* LaunchScreen.storyboard */,
				9F7DEF681BAA808200728BEA /* Info.plist */,
			);
			path = CalculatorApp;
			sourceTree = "<group>";
		};
/* End PBXGroup section */

/* Begin PBXNativeTarget section */
		9F7DEF581BAA808200728BEA /* CalculatorApp */ = {
			isa = PBXNativeTarget;
			buildConfigurationList = 9F7DEF6B1BAA808200728BEA /* Build configuration list for PBXNativeTarget "CalculatorApp" */;
			buildPhases = (
				9F7DEF551BAA808200728BEA /* Sources */,
				9F7DEF561BAA808200728BEA /* Frameworks */,
				9F7DEF571BAA808200728BEA /* Resources */,
			);
			buildRules = (
			);
			dependencies = (
			);
			name = CalculatorApp;
			productName = CalculatorApp;
			productReference = 9F7DEF591BAA808200728BEA /* CalculatorApp.app */;
			productType = "com.apple.product-type.application";
		};
/* End PBXNativeTarget section */

/* Begin PBXProject section */
		9F7DEF511BAA808200728BEA /* Project object */ = {
			isa = PBXProject;
			attributes = {
				LastUpgradeCheck = 0710;
				ORGANIZATIONNAME = gandhartannu;
				TargetAttributes = {
					9F7DEF581BAA808200728BEA = {
						CreatedOnToolsVersion = 7.1;
					};
				};
			};
			buildConfigurationList = 9F7DEF541BAA808200728BEA /* Build configuration list for PBXProject "CalculatorApp" */;
			compatibilityVersion = "Xcode 3.2";
			developmentRegion = English;
			hasScannedForEncodings = 0;
			knownRegions = (
				en,
				Base,
			);
			mainGroup = 9F7DEF501BAA808200728BEA;
			productRefGroup = 9F7DEF5A1BAA808200728BEA /* Products */;
			projectDirPath = "";
			projectRoot = "";
			targets = (
				9F7DEF581BAA808200728BEA /* CalculatorApp */,
			);
		};
/* End PBXProject section */

/* Begin PBXResourcesBuildPhase section */
		9F7DEF571BAA808200728BEA /* Resources */ = {
			isa = PBXResourcesBuildPhase;
			buildActionMask = 2147483647;
			files = (
				9F7DEF671BAA808200728BEA /* LaunchScreen.storyboard in Resources */,
				9F7DEF641BAA808200728BEA /* Assets.xcassets in Resources */,
				9F7DEF621BAA808200728BEA /* Main.storyboard in Resources */,
			);
			runOnlyForDeploymentPostprocessing = 0;
		};
/* End PBXResourcesBuildPhase section */

/* Begin PBXSourcesBuildPhase section */
		9F7DEF551BAA808200728BEA /* Sources */ = {
			isa = PBXSourcesBuildPhase;
			buildActionMask = 2147483647;
			files = (
				9F7DEF5F1BAA808200728BEA /* ViewController.swift in Sources */,
				9F7DEF5D1BAA808200728BEA /* AppDelegate.swift in Sources */,
			);
			runOnlyForDeploymentPostprocessing = 0;
		};
/* End PBXSourcesBuildPhase section */

/* Begin PBXVariantGroup section */
		9F7DEF601BAA808200728BEA /* Main.storyboard */ = {
			isa = PBXVariantGroup;
			children = (
				9F7DEF611BAA808200728BEA /* Base */,
			);
			name = Main.storyboard;
			sourceTree = "<group>";
		};
		9F7DEF651BAA808200728BEA /* LaunchScreen.storyboard */ = {
			isa = PBXVariantGroup;
			children = (
				9F7DEF661BAA808200728BEA /* Base */,
			);
			name = LaunchScreen.storyboard;
			sourceTree = "<group>";
		};
/* End PBXVariantGroup section */

/* Begin XCBuildConfiguration section */
		9F7DEF691BAA808200728BEA /* Debug */ = {
			isa = XCBuildConfiguration;
			buildSettings = {
				ALWAYS_SEARCH_USER_PATHS = NO;
				CLANG_CXX_LANGUAGE_STANDARD = "gnu++0x";
				CLANG_CXX_LIBRARY = "libc++";
				CLANG_ENABLE_MODULES = YES;
				CLANG_ENABLE_OBJC_ARC = YES;
				CLANG_WARN_BOOL_CONVERSION = YES;
				CLANG_WARN_CONSTANT_CONVERSION = YES;
				CLANG_WARN_DIRECT_OBJC_ISA_USAGE = YES_ERROR;
				CLANG_WARN_EMPTY_BODY = YES;
				CLANG_WARN_ENUM_CONVERSION = YES;
				CLANG_WARN_INT_CONVERSION = YES;
				CLANG_WARN_OBJC_ROOT_CLASS = YES_ERROR;
				CLANG_WARN_UNREACHABLE_CODE = YES;
				CLANG_WARN__DUPLICATE_METHOD_MATCH = YES;
				"CODE_SIGN_IDENTITY[sdk=iphoneos*]" = "iPhone Developer";
				COPY_PHASE_STRIP = NO;
				DEBUG_INFORMATION_FORMAT = dwarf;
				ENABLE_STRICT_OBJC_MSGSEND = YES;
				ENABLE_TESTABILITY = YES;
				GCC_C_LANGUAGE_STANDARD = gnu99;
				GCC_DYNAMIC_NO_PIC = NO;
				GCC_NO_COMMON_BLOCKS = YES;
				GCC_OPTIMIZATION_LEVEL = 0;
				GCC_PREPROCESSOR_DEFINITIONS = (
					"DEBUG=1",
					"$(inherited)",
				);
				GCC_WARN_64_TO_32_BIT_CONVERSION = YES;
				GCC_WARN_ABOUT_RETURN_TYPE = YES_ERROR;
				GCC_WARN_UNDECLARED_SELECTOR = YES;
				GCC_WARN_UNINITIALIZED_AUTOS = YES_AGGRESSIVE;
				GCC_WARN_UNUSED_FUNCTION = YES;
				GCC_WARN_UNUSED_VARIABLE = YES;
				IPHONEOS_DEPLOYMENT_TARGET = 9.1;
				MTL_ENABLE_DEBUG_INFO = YES;
				ONLY_ACTIVE_ARCH = YES;
				SDKROOT = iphoneos;
				SWIFT_OPTIMIZATION_LEVEL = "-Onone";
			};
			name = Debug;
		};
		9F7DEF6A1BAA808200728BEA /* Release */ = {
			isa = XCBuildConfiguration;
			buildSettings = {
				ALWAYS_SEARCH_USER_PATHS = NO;
				CLANG_CXX_LANGUAGE_STANDARD = "gnu++0x";
				CLANG_CXX_LIBRARY = "libc++";
				CLANG_ENABLE_MODULES = YES;
				CLANG_ENABLE_OBJC_ARC = YES;
				CLANG_WARN_BOOL_CONVERSION = YES;
				CLANG_WARN_CONSTANT_CONVERSION = YES;
				CLANG_WARN_DIRECT_OBJC_ISA_USAGE = YES_ERROR;
				CLANG_WARN_EMPTY_BODY = YES;
				CLANG_WARN_ENUM_CONVERSION = YES;
				CLANG_WARN_INT_CONVERSION = YES;
				CLANG_WARN_OBJC_ROOT_CLASS = YES_ERROR;
				CLANG_WARN_UNREACHABLE_CODE = YES;
				CLANG_WARN__DUPLICATE_METHOD_MATCH = YES;
				"CODE_SIGN_IDENTITY[sdk=iphoneos*]" = "iPhone Developer";
				COPY_PHASE_STRIP = NO;
				DEBUG_INFORMATION_FORMAT = "dwarf-with-dsym";
				ENABLE_NS_ASSERTIONS = NO;
				ENABLE_STRICT_OBJC_MSGSEND = YES;
				GCC_C_LANGUAGE_STANDARD = gnu99;
				GCC_NO_COMMON_BLOCKS = YES;
				GCC_WARN_64_TO_32_BIT_CONVERSION = YES;
				GCC_WARN_ABOUT_RETURN_TYPE = YES_ERROR;
				GCC_WARN_UNDECLARED_SELECTOR = YES;
				GCC_WARN_UNINITIALIZED_AUTOS = YES_AGGRESSIVE;
				GCC_WARN_UNUSED_FUNCTION = YES;
				GCC_WARN_UNUSED_VARIABLE = YES;
				IPHONEOS_DEPLOYMENT_TARGET = 9.1;
				MTL_ENABLE_DEBUG_INFO = NO;
				SDKROOT = iphoneos;
				VALIDATE_PRODUCT = YES;
			};
			name = Release;
		};
		9F7DEF6C1BAA808200728BEA /* Debug */ = {
			isa = XCBuildConfiguration;
			buildSettings = {
				ASSETCATALOG_COMPILER_APPICON_NAME = AppIcon;
				INFOPLIST_FILE = CalculatorApp/Info.plist;
				LD_RUNPATH_SEARCH_PATHS = "$(inherited) @executable_path/Frameworks";
				PRODUCT_BUNDLE_IDENTIFIER = com.gandhartannu.CalculatorApp;
				PRODUCT_NAME = "$(TARGET_NAME)";
			};
			name = Debug;
		};
		9F7DEF6D1BAA808200728BEA /* Release */ = {
			isa = XCBuildConfiguration;
			buildSettings = {
				ASSETCATALOG_COMPILER_APPICON_NAME = AppIcon;
				INFOPLIST_FILE = CalculatorApp/Info.plist;
				LD_RUNPATH_SEARCH_PATHS = "$(inherited) @executable_path/Frameworks";
				PRODUCT_BUNDLE_IDENTIFIER = com.gandhartannu.CalculatorApp;
				PRODUCT_NAME = "$(TARGET_NAME)";
			};
			name = Release;
		};
/* End XCBuildConfiguration section */

/* Begin XCConfigurationList section */
		9F7DEF541BAA808200728BEA /* Build configuration list for PBXProject "CalculatorApp" */ = {
			isa = XCConfigurationList;
			buildConfigurations = (
				9F7DEF691BAA808200728BEA /* Debug */,
				9F7DEF6A1BAA808200728BEA /* Release */,
			);
			defaultConfigurationIsVisible = 0;
			defaultConfigurationName = Release;
		};
		9F7DEF6B1BAA808200728BEA /* Build configuration list for PBXNativeTarget "CalculatorApp" */ = {
			isa = XCConfigurationList;
			buildConfigurations = (
				9F7DEF6C1BAA808200728BEA /* Debug */,
				9F7DEF6D1BAA808200728BEA /* Release */,
			);
			defaultConfigurationIsVisible = 0;
			defaultConfigurationName = Release;
		};
/* End XCConfigurationList section */
	};
	rootObject = 9F7DEF511BAA808200728BEA /* Project object */;
}
